# THIS IS AN AUTOGENERATED FILE. DO NOT EDIT THIS FILE DIRECTLY.
# yarn lockfile v1


object-assign@^4.1.0:
  version "4.1.1"
  resolved "https://registry.yarnpkg.com/object-assign/-/object-assign-4.1.1.tgz#2109adc7965887cfc05cbbd442cac8bfbb360863"
  integrity sha1-IQmtx5ZYh8/AXLvUQsrIv7s2CGM=

react-addons-update@^15.6.3:
  version "15.6.3"
  resolved "https://registry.yarnpkg.com/react-addons-update/-/react-addons-update-15.6.3.tgz#c449c309154024d04087b206d0400e020547b313"
  integrity sha512-wBkjgx5cR0XTjZEz5jl2kScChrjI9T7rWVdaM0dLiIdHSgeHycLRdHPPiTgKk7vK18Od4rXmLJv91qofBXlE0A==
  dependencies:
    object-assign "^4.1.0"
